<?xml version="1.0" encoding="UTF-8"?>
<Project ToolsVersion="15.0" xmlns="http://schemas.microsoft.com/developer/msbuild/2003">
  <ItemGroup>
    <ClCompile Include="D:\workspace\adas\github\synthetizen\apps\gltest\main.cc">
      <Filter>Source Files</Filter>
    </ClCompile>
    <ClCompile Include="D:\workspace\adas\github\synthetizen\apps\gltest\openglwindow.cpp">
      <Filter>Source Files</Filter>
    </ClCompile>
    <ClCompile Include="D:\workspace\adas\github\synthetizen\apps\gltest\synthetizen_gltest_autogen\mocs_compilation.cpp">
      <Filter>Source Files</Filter>
    </ClCompile>
  </ItemGroup>
  <ItemGroup>
    <ClInclude Include="D:\workspace\adas\github\synthetizen\apps\gltest\openglwindow.h">
      <Filter>Header Files</Filter>
    </ClInclude>
  </ItemGroup>
  <ItemGroup>
    <CustomBuild Include="D:\workspace\adas\github\synthetizen\apps\gltest\CMakeLists.txt" />
  </ItemGroup>
  <ItemGroup>
    <Filter Include="Source Files">
      <UniqueIdentifier>{453C09C3-5917-3D5B-8614-6FF4E411D8A8}</UniqueIdentifier>
    </Filter>
    <Filter Include="Header Files">
      <UniqueIdentifier>{069B63F2-ADB2-3490-A86A-39E20DFE5E7D}</UniqueIdentifier>
    </Filter>
  </ItemGroup>
</Project>
